// !$*UTF8*$!
{
	archiveVersion = 1;
	classes = {
	};
	objectVersion = 56;
	objects = {

/* Begin PBXBuildFile section */
		1F81880C29880D8C0049357A /* AppDelegate.swift in Sources */ = {isa = PBXBuildFile; fileRef = 1F81880B29880D8C0049357A /* AppDelegate.swift */; };
		1F81880F29880D8C0049357A /* Main.storyboard in Resources */ = {isa = PBXBuildFile; fileRef = 1F81880D29880D8C0049357A /* Main.storyboard */; };
		1F81882129880D8C0049357A /* Minimal Twitter Extension.appex in Embed Foundation Extensions */ = {isa = PBXBuildFile; fileRef = 1F81882029880D8C0049357A /* Minimal Twitter Extension.appex */; settings = {ATTRIBUTES = (RemoveHeadersOnCopy, ); }; };
		1F81882829880D8C0049357A /* Main.html in Resources */ = {isa = PBXBuildFile; fileRef = 1F8187EA29880D8B0049357A /* Main.html */; };
		1F81882A29880D8C0049357A /* Icon.png in Resources */ = {isa = PBXBuildFile; fileRef = 1F8187EC29880D8B0049357A /* Icon.png */; };
		1F81882C29880D8C0049357A /* Style.css in Resources */ = {isa = PBXBuildFile; fileRef = 1F8187ED29880D8B0049357A /* Style.css */; };
		1F81882E29880D8C0049357A /* Script.js in Resources */ = {isa = PBXBuildFile; fileRef = 1F8187EE29880D8B0049357A /* Script.js */; };
		1F81883029880D8C0049357A /* ViewController.swift in Sources */ = {isa = PBXBuildFile; fileRef = 1F8187EF29880D8B0049357A /* ViewController.swift */; };
		1F81883229880D8C0049357A /* Assets.xcassets in Resources */ = {isa = PBXBuildFile; fileRef = 1F8187F029880D8C0049357A /* Assets.xcassets */; };
		1F81883429880D8C0049357A /* SafariWebExtensionHandler.swift in Sources */ = {isa = PBXBuildFile; fileRef = 1F8187F229880D8C0049357A /* SafariWebExtensionHandler.swift */; };
		1F81884F29880D8C0049357A /* next in Resources */ = {isa = PBXBuildFile; fileRef = 1F81884629880D8C0049357A /* next */; };
		1F81885029880D8C0049357A /* index.html in Resources */ = {isa = PBXBuildFile; fileRef = 1F81884729880D8C0049357A /* index.html */; };
		1F81885129880D8C0049357A /* background.js in Resources */ = {isa = PBXBuildFile; fileRef = 1F81884829880D8C0049357A /* background.js */; };
		1F81885229880D8C0049357A /* css in Resources */ = {isa = PBXBuildFile; fileRef = 1F81884929880D8C0049357A /* css */; };
		1F81885329880D8C0049357A /* dist in Resources */ = {isa = PBXBuildFile; fileRef = 1F81884A29880D8C0049357A /* dist */; };
		1F81885429880D8C0049357A /* images in Resources */ = {isa = PBXBuildFile; fileRef = 1F81884B29880D8C0049357A /* images */; };
		1F81885529880D8C0049357A /* 404.html in Resources */ = {isa = PBXBuildFile; fileRef = 1F81884C29880D8C0049357A /* 404.html */; };
		1F81885629880D8C0049357A /* manifest.json in Resources */ = {isa = PBXBuildFile; fileRef = 1F81884D29880D8C0049357A /* manifest.json */; };
		1F81885729880D8C0049357A /* fonts in Resources */ = {isa = PBXBuildFile; fileRef = 1F81884E29880D8C0049357A /* fonts */; };
/* End PBXBuildFile section */

/* Begin PBXContainerItemProxy section */
		1F81882229880D8C0049357A /* PBXContainerItemProxy */ = {
			isa = PBXContainerItemProxy;
			containerPortal = 1F8187E429880D8B0049357A /* Project object */;
			proxyType = 1;
			remoteGlobalIDString = 1F81881F29880D8C0049357A;
			remoteInfo = "Minimal Twitter Extension (macOS)";
		};
/* End PBXContainerItemProxy section */

/* Begin PBXCopyFilesBuildPhase section */
		1F81884129880D8C0049357A /* Embed Foundation Extensions */ = {
			isa = PBXCopyFilesBuildPhase;
			buildActionMask = 2147483647;
			dstPath = "";
			dstSubfolderSpec = 13;
			files = (
				1F81882129880D8C0049357A /* Minimal Twitter Extension.appex in Embed Foundation Extensions */,
			);
			name = "Embed Foundation Extensions";
			runOnlyForDeploymentPostprocessing = 0;
		};
/* End PBXCopyFilesBuildPhase section */

/* Begin PBXFileReference section */
		1F8187EB29880D8B0049357A /* Base */ = {isa = PBXFileReference; lastKnownFileType = text.html; name = Base; path = ../Base.lproj/Main.html; sourceTree = "<group>"; };
		1F8187EC29880D8B0049357A /* Icon.png */ = {isa = PBXFileReference; lastKnownFileType = image.png; path = Icon.png; sourceTree = "<group>"; };
		1F8187ED29880D8B0049357A /* Style.css */ = {isa = PBXFileReference; lastKnownFileType = text.css; path = Style.css; sourceTree = "<group>"; };
		1F8187EE29880D8B0049357A /* Script.js */ = {isa = PBXFileReference; lastKnownFileType = sourcecode.javascript; path = Script.js; sourceTree = "<group>"; };
		1F8187EF29880D8B0049357A /* ViewController.swift */ = {isa = PBXFileReference; lastKnownFileType = sourcecode.swift; path = ViewController.swift; sourceTree = "<group>"; };
		1F8187F029880D8C0049357A /* Assets.xcassets */ = {isa = PBXFileReference; lastKnownFileType = folder.assetcatalog; path = Assets.xcassets; sourceTree = "<group>"; };
		1F8187F229880D8C0049357A /* SafariWebExtensionHandler.swift */ = {isa = PBXFileReference; lastKnownFileType = sourcecode.swift; path = SafariWebExtensionHandler.swift; sourceTree = "<group>"; };
		1F8187FA29880D8C0049357A /* AppDelegate.swift */ = {isa = PBXFileReference; lastKnownFileType = sourcecode.swift; path = AppDelegate.swift; sourceTree = "<group>"; };
		1F8187FC29880D8C0049357A /* SceneDelegate.swift */ = {isa = PBXFileReference; lastKnownFileType = sourcecode.swift; path = SceneDelegate.swift; sourceTree = "<group>"; };
		1F8187FF29880D8C0049357A /* Base */ = {isa = PBXFileReference; lastKnownFileType = file.storyboard; name = Base; path = Base.lproj/LaunchScreen.storyboard; sourceTree = "<group>"; };
		1F81880229880D8C0049357A /* Base */ = {isa = PBXFileReference; lastKnownFileType = file.storyboard; name = Base; path = Base.lproj/Main.storyboard; sourceTree = "<group>"; };
		1F81880429880D8C0049357A /* Info.plist */ = {isa = PBXFileReference; lastKnownFileType = text.plist.xml; path = Info.plist; sourceTree = "<group>"; };
		1F81880929880D8C0049357A /* Minimal Twitter.app */ = {isa = PBXFileReference; explicitFileType = wrapper.application; includeInIndex = 0; path = "Minimal Twitter.app"; sourceTree = BUILT_PRODUCTS_DIR; };
		1F81880B29880D8C0049357A /* AppDelegate.swift */ = {isa = PBXFileReference; lastKnownFileType = sourcecode.swift; path = AppDelegate.swift; sourceTree = "<group>"; };
		1F81880E29880D8C0049357A /* Base */ = {isa = PBXFileReference; lastKnownFileType = file.storyboard; name = Base; path = Base.lproj/Main.storyboard; sourceTree = "<group>"; };
		1F81881029880D8C0049357A /* Info.plist */ = {isa = PBXFileReference; lastKnownFileType = text.plist.xml; path = Info.plist; sourceTree = "<group>"; };
		1F81881129880D8C0049357A /* Minimal Twitter.entitlements */ = {isa = PBXFileReference; lastKnownFileType = text.plist.entitlements; path = "Minimal Twitter.entitlements"; sourceTree = "<group>"; };
		1F81881B29880D8C0049357A /* Info.plist */ = {isa = PBXFileReference; lastKnownFileType = text.plist.xml; path = Info.plist; sourceTree = "<group>"; };
		1F81882029880D8C0049357A /* Minimal Twitter Extension.appex */ = {isa = PBXFileReference; explicitFileType = "wrapper.app-extension"; includeInIndex = 0; path = "Minimal Twitter Extension.appex"; sourceTree = BUILT_PRODUCTS_DIR; };
		1F81882529880D8C0049357A /* Info.plist */ = {isa = PBXFileReference; lastKnownFileType = text.plist.xml; path = Info.plist; sourceTree = "<group>"; };
		1F81882629880D8C0049357A /* Minimal Twitter.entitlements */ = {isa = PBXFileReference; lastKnownFileType = text.plist.entitlements; path = "Minimal Twitter.entitlements"; sourceTree = "<group>"; };
		1F81884629880D8C0049357A /* next */ = {isa = PBXFileReference; lastKnownFileType = folder; name = next; path = ../../../firefox/next; sourceTree = "<group>"; };
		1F81884729880D8C0049357A /* index.html */ = {isa = PBXFileReference; lastKnownFileType = text.html; name = index.html; path = ../../../firefox/index.html; sourceTree = "<group>"; };
		1F81884829880D8C0049357A /* background.js */ = {isa = PBXFileReference; lastKnownFileType = sourcecode.javascript; name = background.js; path = ../../../firefox/background.js; sourceTree = "<group>"; };
		1F81884929880D8C0049357A /* css */ = {isa = PBXFileReference; lastKnownFileType = folder; name = css; path = ../../../firefox/css; sourceTree = "<group>"; };
		1F81884A29880D8C0049357A /* dist */ = {isa = PBXFileReference; lastKnownFileType = folder; name = dist; path = ../../../firefox/dist; sourceTree = "<group>"; };
		1F81884B29880D8C0049357A /* images */ = {isa = PBXFileReference; lastKnownFileType = folder; name = images; path = ../../../firefox/images; sourceTree = "<group>"; };
		1F81884C29880D8C0049357A /* 404.html */ = {isa = PBXFileReference; lastKnownFileType = text.html; name = 404.html; path = ../../../firefox/404.html; sourceTree = "<group>"; };
		1F81884D29880D8C0049357A /* manifest.json */ = {isa = PBXFileReference; lastKnownFileType = text.json; name = manifest.json; path = ../../../firefox/manifest.json; sourceTree = "<group>"; };
		1F81884E29880D8C0049357A /* fonts */ = {isa = PBXFileReference; lastKnownFileType = folder; name = fonts; path = ../../../firefox/fonts; sourceTree = "<group>"; };
/* End PBXFileReference section */

/* Begin PBXFrameworksBuildPhase section */
		1F81880629880D8C0049357A /* Frameworks */ = {
			isa = PBXFrameworksBuildPhase;
			buildActionMask = 2147483647;
			files = (
			);
			runOnlyForDeploymentPostprocessing = 0;
		};
		1F81881D29880D8C0049357A /* Frameworks */ = {
			isa = PBXFrameworksBuildPhase;
			buildActionMask = 2147483647;
			files = (
			);
			runOnlyForDeploymentPostprocessing = 0;
		};
/* End PBXFrameworksBuildPhase section */

/* Begin PBXGroup section */
		1F8187E329880D8B0049357A = {
			isa = PBXGroup;
			children = (
				1F8187E829880D8B0049357A /* Shared (App) */,
				1F8187F129880D8C0049357A /* Shared (Extension) */,
				1F8187F929880D8C0049357A /* iOS (App) */,
				1F81880A29880D8C0049357A /* macOS (App) */,
				1F81881A29880D8C0049357A /* iOS (Extension) */,
				1F81882429880D8C0049357A /* macOS (Extension) */,
				1F8187F829880D8C0049357A /* Products */,
			);
			sourceTree = "<group>";
		};
		1F8187E829880D8B0049357A /* Shared (App) */ = {
			isa = PBXGroup;
			children = (
				1F8187EF29880D8B0049357A /* ViewController.swift */,
				1F8187F029880D8C0049357A /* Assets.xcassets */,
				1F8187E929880D8B0049357A /* Resources */,
			);
			path = "Shared (App)";
			sourceTree = "<group>";
		};
		1F8187E929880D8B0049357A /* Resources */ = {
			isa = PBXGroup;
			children = (
				1F8187EA29880D8B0049357A /* Main.html */,
				1F8187EC29880D8B0049357A /* Icon.png */,
				1F8187ED29880D8B0049357A /* Style.css */,
				1F8187EE29880D8B0049357A /* Script.js */,
			);
			path = Resources;
			sourceTree = "<group>";
		};
		1F8187F129880D8C0049357A /* Shared (Extension) */ = {
			isa = PBXGroup;
			children = (
				1F81884529880D8C0049357A /* Resources */,
				1F8187F229880D8C0049357A /* SafariWebExtensionHandler.swift */,
			);
			path = "Shared (Extension)";
			sourceTree = "<group>";
		};
		1F8187F829880D8C0049357A /* Products */ = {
			isa = PBXGroup;
			children = (
				1F81880929880D8C0049357A /* Minimal Twitter.app */,
				1F81882029880D8C0049357A /* Minimal Twitter Extension.appex */,
			);
			name = Products;
			sourceTree = "<group>";
		};
		1F8187F929880D8C0049357A /* iOS (App) */ = {
			isa = PBXGroup;
			children = (
				1F8187FA29880D8C0049357A /* AppDelegate.swift */,
				1F8187FC29880D8C0049357A /* SceneDelegate.swift */,
				1F8187FE29880D8C0049357A /* LaunchScreen.storyboard */,
				1F81880129880D8C0049357A /* Main.storyboard */,
				1F81880429880D8C0049357A /* Info.plist */,
			);
			path = "iOS (App)";
			sourceTree = "<group>";
		};
		1F81880A29880D8C0049357A /* macOS (App) */ = {
			isa = PBXGroup;
			children = (
				1F81880B29880D8C0049357A /* AppDelegate.swift */,
				1F81880D29880D8C0049357A /* Main.storyboard */,
				1F81881029880D8C0049357A /* Info.plist */,
				1F81881129880D8C0049357A /* Minimal Twitter.entitlements */,
			);
			path = "macOS (App)";
			sourceTree = "<group>";
		};
		1F81881A29880D8C0049357A /* iOS (Extension) */ = {
			isa = PBXGroup;
			children = (
				1F81881B29880D8C0049357A /* Info.plist */,
			);
			path = "iOS (Extension)";
			sourceTree = "<group>";
		};
		1F81882429880D8C0049357A /* macOS (Extension) */ = {
			isa = PBXGroup;
			children = (
				1F81882529880D8C0049357A /* Info.plist */,
				1F81882629880D8C0049357A /* Minimal Twitter.entitlements */,
			);
			path = "macOS (Extension)";
			sourceTree = "<group>";
		};
		1F81884529880D8C0049357A /* Resources */ = {
			isa = PBXGroup;
			children = (
				1F81884629880D8C0049357A /* next */,
				1F81884729880D8C0049357A /* index.html */,
				1F81884829880D8C0049357A /* background.js */,
				1F81884929880D8C0049357A /* css */,
				1F81884A29880D8C0049357A /* dist */,
				1F81884B29880D8C0049357A /* images */,
				1F81884C29880D8C0049357A /* 404.html */,
				1F81884D29880D8C0049357A /* manifest.json */,
				1F81884E29880D8C0049357A /* fonts */,
			);
			name = Resources;
			path = "Shared (Extension)";
			sourceTree = SOURCE_ROOT;
		};
/* End PBXGroup section */

/* Begin PBXNativeTarget section */
		1F81880829880D8C0049357A /* Minimal Twitter (macOS) */ = {
			isa = PBXNativeTarget;
			buildConfigurationList = 1F81884229880D8C0049357A /* Build configuration list for PBXNativeTarget "Minimal Twitter (macOS)" */;
			buildPhases = (
				1F81880529880D8C0049357A /* Sources */,
				1F81880629880D8C0049357A /* Frameworks */,
				1F81880729880D8C0049357A /* Resources */,
				1F81884129880D8C0049357A /* Embed Foundation Extensions */,
			);
			buildRules = (
			);
			dependencies = (
				1F81882329880D8C0049357A /* PBXTargetDependency */,
			);
			name = "Minimal Twitter (macOS)";
			productName = "Minimal Twitter (macOS)";
			productReference = 1F81880929880D8C0049357A /* Minimal Twitter.app */;
			productType = "com.apple.product-type.application";
		};
		1F81881F29880D8C0049357A /* Minimal Twitter Extension (macOS) */ = {
			isa = PBXNativeTarget;
			buildConfigurationList = 1F81883E29880D8C0049357A /* Build configuration list for PBXNativeTarget "Minimal Twitter Extension (macOS)" */;
			buildPhases = (
				1F81881C29880D8C0049357A /* Sources */,
				1F81881D29880D8C0049357A /* Frameworks */,
				1F81881E29880D8C0049357A /* Resources */,
			);
			buildRules = (
			);
			dependencies = (
			);
			name = "Minimal Twitter Extension (macOS)";
			productName = "Minimal Twitter Extension (macOS)";
			productReference = 1F81882029880D8C0049357A /* Minimal Twitter Extension.appex */;
			productType = "com.apple.product-type.app-extension";
		};
/* End PBXNativeTarget section */

/* Begin PBXProject section */
		1F8187E429880D8B0049357A /* Project object */ = {
			isa = PBXProject;
			attributes = {
				BuildIndependentTargetsInParallel = 1;
				LastSwiftUpdateCheck = 1420;
				LastUpgradeCheck = 1420;
				TargetAttributes = {
					1F81880829880D8C0049357A = {
						CreatedOnToolsVersion = 14.2;
					};
					1F81881F29880D8C0049357A = {
						CreatedOnToolsVersion = 14.2;
					};
				};
			};
			buildConfigurationList = 1F8187E729880D8B0049357A /* Build configuration list for PBXProject "Minimal Twitter" */;
			compatibilityVersion = "Xcode 14.0";
			developmentRegion = en;
			hasScannedForEncodings = 0;
			knownRegions = (
				en,
				Base,
			);
			mainGroup = 1F8187E329880D8B0049357A;
			productRefGroup = 1F8187F829880D8C0049357A /* Products */;
			projectDirPath = "";
			projectRoot = "";
			targets = (
				1F81880829880D8C0049357A /* Minimal Twitter (macOS) */,
				1F81881F29880D8C0049357A /* Minimal Twitter Extension (macOS) */,
			);
		};
/* End PBXProject section */

/* Begin PBXResourcesBuildPhase section */
		1F81880729880D8C0049357A /* Resources */ = {
			isa = PBXResourcesBuildPhase;
			buildActionMask = 2147483647;
			files = (
				1F81882A29880D8C0049357A /* Icon.png in Resources */,
				1F81882C29880D8C0049357A /* Style.css in Resources */,
				1F81880F29880D8C0049357A /* Main.storyboard in Resources */,
				1F81882E29880D8C0049357A /* Script.js in Resources */,
				1F81883229880D8C0049357A /* Assets.xcassets in Resources */,
				1F81882829880D8C0049357A /* Main.html in Resources */,
			);
			runOnlyForDeploymentPostprocessing = 0;
		};
		1F81881E29880D8C0049357A /* Resources */ = {
			isa = PBXResourcesBuildPhase;
			buildActionMask = 2147483647;
			files = (
				1F81885529880D8C0049357A /* 404.html in Resources */,
				1F81885429880D8C0049357A /* images in Resources */,
				1F81885229880D8C0049357A /* css in Resources */,
				1F81884F29880D8C0049357A /* next in Resources */,
				1F81885629880D8C0049357A /* manifest.json in Resources */,
				1F81885329880D8C0049357A /* dist in Resources */,
				1F81885729880D8C0049357A /* fonts in Resources */,
				1F81885129880D8C0049357A /* background.js in Resources */,
				1F81885029880D8C0049357A /* index.html in Resources */,
			);
			runOnlyForDeploymentPostprocessing = 0;
		};
/* End PBXResourcesBuildPhase section */

/* Begin PBXSourcesBuildPhase section */
		1F81880529880D8C0049357A /* Sources */ = {
			isa = PBXSourcesBuildPhase;
			buildActionMask = 2147483647;
			files = (
				1F81883029880D8C0049357A /* ViewController.swift in Sources */,
				1F81880C29880D8C0049357A /* AppDelegate.swift in Sources */,
			);
			runOnlyForDeploymentPostprocessing = 0;
		};
		1F81881C29880D8C0049357A /* Sources */ = {
			isa = PBXSourcesBuildPhase;
			buildActionMask = 2147483647;
			files = (
				1F81883429880D8C0049357A /* SafariWebExtensionHandler.swift in Sources */,
			);
			runOnlyForDeploymentPostprocessing = 0;
		};
/* End PBXSourcesBuildPhase section */

/* Begin PBXTargetDependency section */
		1F81882329880D8C0049357A /* PBXTargetDependency */ = {
			isa = PBXTargetDependency;
			target = 1F81881F29880D8C0049357A /* Minimal Twitter Extension (macOS) */;
			targetProxy = 1F81882229880D8C0049357A /* PBXContainerItemProxy */;
		};
/* End PBXTargetDependency section */

/* Begin PBXVariantGroup section */
		1F8187EA29880D8B0049357A /* Main.html */ = {
			isa = PBXVariantGroup;
			children = (
				1F8187EB29880D8B0049357A /* Base */,
			);
			name = Main.html;
			sourceTree = "<group>";
		};
		1F8187FE29880D8C0049357A /* LaunchScreen.storyboard */ = {
			isa = PBXVariantGroup;
			children = (
				1F8187FF29880D8C0049357A /* Base */,
			);
			name = LaunchScreen.storyboard;
			sourceTree = "<group>";
		};
		1F81880129880D8C0049357A /* Main.storyboard */ = {
			isa = PBXVariantGroup;
			children = (
				1F81880229880D8C0049357A /* Base */,
			);
			name = Main.storyboard;
			sourceTree = "<group>";
		};
		1F81880D29880D8C0049357A /* Main.storyboard */ = {
			isa = PBXVariantGroup;
			children = (
				1F81880E29880D8C0049357A /* Base */,
			);
			name = Main.storyboard;
			sourceTree = "<group>";
		};
/* End PBXVariantGroup section */

/* Begin XCBuildConfiguration section */
		1F81883529880D8C0049357A /* Debug */ = {
			isa = XCBuildConfiguration;
			buildSettings = {
				ALWAYS_SEARCH_USER_PATHS = NO;
				CLANG_ANALYZER_NONNULL = YES;
				CLANG_ANALYZER_NUMBER_OBJECT_CONVERSION = YES_AGGRESSIVE;
				CLANG_CXX_LANGUAGE_STANDARD = "gnu++20";
				CLANG_ENABLE_MODULES = YES;
				CLANG_ENABLE_OBJC_ARC = YES;
				CLANG_ENABLE_OBJC_WEAK = YES;
				CLANG_WARN_BLOCK_CAPTURE_AUTORELEASING = YES;
				CLANG_WARN_BOOL_CONVERSION = YES;
				CLANG_WARN_COMMA = YES;
				CLANG_WARN_CONSTANT_CONVERSION = YES;
				CLANG_WARN_DEPRECATED_OBJC_IMPLEMENTATIONS = YES;
				CLANG_WARN_DIRECT_OBJC_ISA_USAGE = YES_ERROR;
				CLANG_WARN_DOCUMENTATION_COMMENTS = YES;
				CLANG_WARN_EMPTY_BODY = YES;
				CLANG_WARN_ENUM_CONVERSION = YES;
				CLANG_WARN_INFINITE_RECURSION = YES;
				CLANG_WARN_INT_CONVERSION = YES;
				CLANG_WARN_NON_LITERAL_NULL_CONVERSION = YES;
				CLANG_WARN_OBJC_IMPLICIT_RETAIN_SELF = YES;
				CLANG_WARN_OBJC_LITERAL_CONVERSION = YES;
				CLANG_WARN_OBJC_ROOT_CLASS = YES_ERROR;
				CLANG_WARN_QUOTED_INCLUDE_IN_FRAMEWORK_HEADER = YES;
				CLANG_WARN_RANGE_LOOP_ANALYSIS = YES;
				CLANG_WARN_STRICT_PROTOTYPES = YES;
				CLANG_WARN_SUSPICIOUS_MOVE = YES;
				CLANG_WARN_UNGUARDED_AVAILABILITY = YES_AGGRESSIVE;
				CLANG_WARN_UNREACHABLE_CODE = YES;
				CLANG_WARN__DUPLICATE_METHOD_MATCH = YES;
				COPY_PHASE_STRIP = NO;
				DEBUG_INFORMATION_FORMAT = dwarf;
				ENABLE_STRICT_OBJC_MSGSEND = YES;
				ENABLE_TESTABILITY = YES;
				GCC_C_LANGUAGE_STANDARD = gnu11;
				GCC_DYNAMIC_NO_PIC = NO;
				GCC_NO_COMMON_BLOCKS = YES;
				GCC_OPTIMIZATION_LEVEL = 0;
				GCC_PREPROCESSOR_DEFINITIONS = (
					"DEBUG=1",
					"$(inherited)",
				);
				GCC_WARN_64_TO_32_BIT_CONVERSION = YES;
				GCC_WARN_ABOUT_RETURN_TYPE = YES_ERROR;
				GCC_WARN_UNDECLARED_SELECTOR = YES;
				GCC_WARN_UNINITIALIZED_AUTOS = YES_AGGRESSIVE;
				GCC_WARN_UNUSED_FUNCTION = YES;
				GCC_WARN_UNUSED_VARIABLE = YES;
				MTL_ENABLE_DEBUG_INFO = INCLUDE_SOURCE;
				MTL_FAST_MATH = YES;
				ONLY_ACTIVE_ARCH = YES;
				SWIFT_ACTIVE_COMPILATION_CONDITIONS = DEBUG;
				SWIFT_OPTIMIZATION_LEVEL = "-Onone";
			};
			name = Debug;
		};
		1F81883629880D8C0049357A /* Release */ = {
			isa = XCBuildConfiguration;
			buildSettings = {
				ALWAYS_SEARCH_USER_PATHS = NO;
				CLANG_ANALYZER_NONNULL = YES;
				CLANG_ANALYZER_NUMBER_OBJECT_CONVERSION = YES_AGGRESSIVE;
				CLANG_CXX_LANGUAGE_STANDARD = "gnu++20";
				CLANG_ENABLE_MODULES = YES;
				CLANG_ENABLE_OBJC_ARC = YES;
				CLANG_ENABLE_OBJC_WEAK = YES;
				CLANG_WARN_BLOCK_CAPTURE_AUTORELEASING = YES;
				CLANG_WARN_BOOL_CONVERSION = YES;
				CLANG_WARN_COMMA = YES;
				CLANG_WARN_CONSTANT_CONVERSION = YES;
				CLANG_WARN_DEPRECATED_OBJC_IMPLEMENTATIONS = YES;
				CLANG_WARN_DIRECT_OBJC_ISA_USAGE = YES_ERROR;
				CLANG_WARN_DOCUMENTATION_COMMENTS = YES;
				CLANG_WARN_EMPTY_BODY = YES;
				CLANG_WARN_ENUM_CONVERSION = YES;
				CLANG_WARN_INFINITE_RECURSION = YES;
				CLANG_WARN_INT_CONVERSION = YES;
				CLANG_WARN_NON_LITERAL_NULL_CONVERSION = YES;
				CLANG_WARN_OBJC_IMPLICIT_RETAIN_SELF = YES;
				CLANG_WARN_OBJC_LITERAL_CONVERSION = YES;
				CLANG_WARN_OBJC_ROOT_CLASS = YES_ERROR;
				CLANG_WARN_QUOTED_INCLUDE_IN_FRAMEWORK_HEADER = YES;
				CLANG_WARN_RANGE_LOOP_ANALYSIS = YES;
				CLANG_WARN_STRICT_PROTOTYPES = YES;
				CLANG_WARN_SUSPICIOUS_MOVE = YES;
				CLANG_WARN_UNGUARDED_AVAILABILITY = YES_AGGRESSIVE;
				CLANG_WARN_UNREACHABLE_CODE = YES;
				CLANG_WARN__DUPLICATE_METHOD_MATCH = YES;
				COPY_PHASE_STRIP = NO;
				DEBUG_INFORMATION_FORMAT = "dwarf-with-dsym";
				ENABLE_NS_ASSERTIONS = NO;
				ENABLE_STRICT_OBJC_MSGSEND = YES;
				GCC_C_LANGUAGE_STANDARD = gnu11;
				GCC_NO_COMMON_BLOCKS = YES;
				GCC_WARN_64_TO_32_BIT_CONVERSION = YES;
				GCC_WARN_ABOUT_RETURN_TYPE = YES_ERROR;
				GCC_WARN_UNDECLARED_SELECTOR = YES;
				GCC_WARN_UNINITIALIZED_AUTOS = YES_AGGRESSIVE;
				GCC_WARN_UNUSED_FUNCTION = YES;
				GCC_WARN_UNUSED_VARIABLE = YES;
				MTL_ENABLE_DEBUG_INFO = NO;
				MTL_FAST_MATH = YES;
				SWIFT_COMPILATION_MODE = wholemodule;
				SWIFT_OPTIMIZATION_LEVEL = "-O";
			};
			name = Release;
		};
		1F81883F29880D8C0049357A /* Debug */ = {
			isa = XCBuildConfiguration;
			buildSettings = {
				CODE_SIGN_ENTITLEMENTS = "macOS (Extension)/Minimal Twitter.entitlements";
				"CODE_SIGN_IDENTITY[sdk=macosx*]" = "Apple Development";
				CODE_SIGN_STYLE = Automatic;
				CURRENT_PROJECT_VERSION = 7;
				DEVELOPMENT_TEAM = P9N9H4Q4HK;
				ENABLE_HARDENED_RUNTIME = YES;
				GENERATE_INFOPLIST_FILE = YES;
				INFOPLIST_FILE = "macOS (Extension)/Info.plist";
				INFOPLIST_KEY_CFBundleDisplayName = "Minimal Twitter Extension";
				INFOPLIST_KEY_NSHumanReadableCopyright = "";
				LD_RUNPATH_SEARCH_PATHS = (
					"$(inherited)",
					"@executable_path/../Frameworks",
					"@executable_path/../../../../Frameworks",
				);
				MACOSX_DEPLOYMENT_TARGET = 10.14;
				MARKETING_VERSION = 6.0.5;
				OTHER_LDFLAGS = (
					"-framework",
					SafariServices,
				);
				PRODUCT_BUNDLE_IDENTIFIER = "com.typefully.minimal-twitter.Extension";
				PRODUCT_NAME = "Minimal Twitter Extension";
				SDKROOT = macosx;
				SKIP_INSTALL = YES;
				SWIFT_EMIT_LOC_STRINGS = YES;
				SWIFT_VERSION = 5.0;
			};
			name = Debug;
		};
		1F81884029880D8C0049357A /* Release */ = {
			isa = XCBuildConfiguration;
			buildSettings = {
				CODE_SIGN_ENTITLEMENTS = "macOS (Extension)/Minimal Twitter.entitlements";
				"CODE_SIGN_IDENTITY[sdk=macosx*]" = "Apple Development";
				CODE_SIGN_STYLE = Automatic;
				CURRENT_PROJECT_VERSION = 7;
				DEVELOPMENT_TEAM = P9N9H4Q4HK;
				ENABLE_HARDENED_RUNTIME = YES;
				GENERATE_INFOPLIST_FILE = YES;
				INFOPLIST_FILE = "macOS (Extension)/Info.plist";
				INFOPLIST_KEY_CFBundleDisplayName = "Minimal Twitter Extension";
				INFOPLIST_KEY_NSHumanReadableCopyright = "";
				LD_RUNPATH_SEARCH_PATHS = (
					"$(inherited)",
					"@executable_path/../Frameworks",
					"@executable_path/../../../../Frameworks",
				);
				MACOSX_DEPLOYMENT_TARGET = 10.14;
				MARKETING_VERSION = 6.0.5;
				OTHER_LDFLAGS = (
					"-framework",
					SafariServices,
				);
				PRODUCT_BUNDLE_IDENTIFIER = "com.typefully.minimal-twitter.Extension";
				PRODUCT_NAME = "Minimal Twitter Extension";
				SDKROOT = macosx;
				SKIP_INSTALL = YES;
				SWIFT_EMIT_LOC_STRINGS = YES;
				SWIFT_VERSION = 5.0;
			};
			name = Release;
		};
		1F81884329880D8C0049357A /* Debug */ = {
			isa = XCBuildConfiguration;
			buildSettings = {
				ALWAYS_EMBED_SWIFT_STANDARD_LIBRARIES = YES;
				ASSETCATALOG_COMPILER_APPICON_NAME = AppIcon;
				ASSETCATALOG_COMPILER_GLOBAL_ACCENT_COLOR_NAME = AccentColor;
				CODE_SIGN_ENTITLEMENTS = "macOS (App)/Minimal Twitter.entitlements";
				"CODE_SIGN_IDENTITY[sdk=macosx*]" = "Apple Development";
				CODE_SIGN_STYLE = Automatic;
				CURRENT_PROJECT_VERSION = 12;
				DEVELOPMENT_TEAM = P9N9H4Q4HK;
				ENABLE_HARDENED_RUNTIME = YES;
				GENERATE_INFOPLIST_FILE = YES;
				INFOPLIST_FILE = "macOS (App)/Info.plist";
				INFOPLIST_KEY_CFBundleDisplayName = "Minimal Theme for Twitter / X";
				INFOPLIST_KEY_LSApplicationCategoryType = "public.app-category.social-networking";
				INFOPLIST_KEY_NSMainStoryboardFile = Main;
				INFOPLIST_KEY_NSPrincipalClass = NSApplication;
				LD_RUNPATH_SEARCH_PATHS = (
					"$(inherited)",
					"@executable_path/../Frameworks",
				);
				MACOSX_DEPLOYMENT_TARGET = 10.14;
				MARKETING_VERSION = 6.0.5;
				OTHER_LDFLAGS = (
					"-framework",
					SafariServices,
					"-framework",
					WebKit,
				);
				PRODUCT_BUNDLE_IDENTIFIER = "com.typefully.minimal-twitter";
				PRODUCT_NAME = "Minimal Twitter";
				SDKROOT = macosx;
				SWIFT_EMIT_LOC_STRINGS = YES;
				SWIFT_VERSION = 5.0;
			};
			name = Debug;
		};
		1F81884429880D8C0049357A /* Release */ = {
			isa = XCBuildConfiguration;
			buildSettings = {
				ALWAYS_EMBED_SWIFT_STANDARD_LIBRARIES = YES;
				ASSETCATALOG_COMPILER_APPICON_NAME = AppIcon;
				ASSETCATALOG_COMPILER_GLOBAL_ACCENT_COLOR_NAME = AccentColor;
				CODE_SIGN_ENTITLEMENTS = "macOS (App)/Minimal Twitter.entitlements";
				"CODE_SIGN_IDENTITY[sdk=macosx*]" = "Apple Development";
				CODE_SIGN_STYLE = Automatic;
				CURRENT_PROJECT_VERSION = 12;
				DEVELOPMENT_TEAM = P9N9H4Q4HK;
				ENABLE_HARDENED_RUNTIME = YES;
				GENERATE_INFOPLIST_FILE = YES;
				INFOPLIST_FILE = "macOS (App)/Info.plist";
				INFOPLIST_KEY_CFBundleDisplayName = "Minimal Theme for Twitter / X";
				INFOPLIST_KEY_LSApplicationCategoryType = "public.app-category.social-networking";
				INFOPLIST_KEY_NSMainStoryboardFile = Main;
				INFOPLIST_KEY_NSPrincipalClass = NSApplication;
				LD_RUNPATH_SEARCH_PATHS = (
					"$(inherited)",
					"@executable_path/../Frameworks",
				);
				MACOSX_DEPLOYMENT_TARGET = 10.14;
				MARKETING_VERSION = 6.0.5;
				OTHER_LDFLAGS = (
					"-framework",
					SafariServices,
					"-framework",
					WebKit,
				);
				PRODUCT_BUNDLE_IDENTIFIER = "com.typefully.minimal-twitter";
				PRODUCT_NAME = "Minimal Twitter";
				SDKROOT = macosx;
				SWIFT_EMIT_LOC_STRINGS = YES;
				SWIFT_VERSION = 5.0;
			};
			name = Release;
		};
/* End XCBuildConfiguration section */

/* Begin XCConfigurationList section */
		1F8187E729880D8B0049357A /* Build configuration list for PBXProject "Minimal Twitter" */ = {
			isa = XCConfigurationList;
			buildConfigurations = (
				1F81883529880D8C0049357A /* Debug */,
				1F81883629880D8C0049357A /* Release */,
			);
			defaultConfigurationIsVisible = 0;
			defaultConfigurationName = Release;
		};
		1F81883E29880D8C0049357A /* Build configuration list for PBXNativeTarget "Minimal Twitter Extension (macOS)" */ = {
			isa = XCConfigurationList;
			buildConfigurations = (
				1F81883F29880D8C0049357A /* Debug */,
				1F81884029880D8C0049357A /* Release */,
			);
			defaultConfigurationIsVisible = 0;
			defaultConfigurationName = Release;
		};
		1F81884229880D8C0049357A /* Build configuration list for PBXNativeTarget "Minimal Twitter (macOS)" */ = {
			isa = XCConfigurationList;
			buildConfigurations = (
				1F81884329880D8C0049357A /* Debug */,
				1F81884429880D8C0049357A /* Release */,
			);
			defaultConfigurationIsVisible = 0;
			defaultConfigurationName = Release;
		};
/* End XCConfigurationList section */
	};
	rootObject = 1F8187E429880D8B0049357A /* Project object */;
}
