# THIS IS AN AUTOGENERATED FILE. DO NOT EDIT THIS FILE DIRECTLY.
# yarn lockfile v1


"@rollup/rollup-darwin-arm64@4.19.1":
  version "4.19.1"
  resolved "https://registry.npmjs.org/@rollup/rollup-darwin-arm64/-/rollup-darwin-arm64-4.19.1.tgz"
  integrity sha512-8o6eqeFZzVLia2hKPUZk4jdE3zW7LCcZr+MD18tXkgBBid3lssGVAYuox8x6YHoEPDdDa9ixTaStcmx88lio5Q==

"@types/estree@1.0.5":
  version "1.0.5"
  resolved "https://registry.npmjs.org/@types/estree/-/estree-1.0.5.tgz"
  integrity sha512-/kYRxGDLWzHOB7q+wtSUQlFrtcdUccpfy+X+9iMBpHK8QLLhx2wIPYuS5DYtR9Wa/YlZAbIovy7qVdB1Aq6Lyw==

fsevents@~2.3.2:
  version "2.3.3"
  resolved "https://registry.npmjs.org/fsevents/-/fsevents-2.3.3.tgz"
  integrity sha512-5xoDfX+fL7faATnagmWPpbFtwh/R77WmMMqqHGS65C3vvB0YHrgF+B1YmZ3441tMj5n63k0212XNoJwzlhffQw==

rollup@^4.19.1:
  version "4.19.1"
  resolved "https://registry.npmjs.org/rollup/-/rollup-4.19.1.tgz"
  integrity sha512-K5vziVlg7hTpYfFBI+91zHBEMo6jafYXpkMlqZjg7/zhIG9iHqazBf4xz9AVdjS9BruRn280ROqLI7G3OFRIlw==
  dependencies:
    "@types/estree" "1.0.5"
  optionalDependencies:
    "@rollup/rollup-android-arm-eabi" "4.19.1"
    "@rollup/rollup-android-arm64" "4.19.1"
    "@rollup/rollup-darwin-arm64" "4.19.1"
    "@rollup/rollup-darwin-x64" "4.19.1"
    "@rollup/rollup-linux-arm-gnueabihf" "4.19.1"
    "@rollup/rollup-linux-arm-musleabihf" "4.19.1"
    "@rollup/rollup-linux-arm64-gnu" "4.19.1"
    "@rollup/rollup-linux-arm64-musl" "4.19.1"
    "@rollup/rollup-linux-powerpc64le-gnu" "4.19.1"
    "@rollup/rollup-linux-riscv64-gnu" "4.19.1"
    "@rollup/rollup-linux-s390x-gnu" "4.19.1"
    "@rollup/rollup-linux-x64-gnu" "4.19.1"
    "@rollup/rollup-linux-x64-musl" "4.19.1"
    "@rollup/rollup-win32-arm64-msvc" "4.19.1"
    "@rollup/rollup-win32-ia32-msvc" "4.19.1"
    "@rollup/rollup-win32-x64-msvc" "4.19.1"
    fsevents "~2.3.2"
